
Microsoft Visual Studio Solution File, Format Version 12.00
# Visual Studio Version 16
VisualStudioVersion = 16.0.30114.105
MinimumVisualStudioVersion = 10.0.40219.1
Project("{FAE04EC0-301F-11D3-BF4B-00C04F79EFBC}") = "API", "API\API.csproj", "{DADD79B1-2DF8-4733-B6B2-E6EB949F3D4B}"
EndProject
Project("{FAE04EC0-301F-11D3-BF4B-00C04F79EFBC}") = "Application", "Application\Application.csproj", "{0366080E-FC93-48B2-964F-BD270CC1FAC6}"
EndProject
Project("{FAE04EC0-301F-11D3-BF4B-00C04F79EFBC}") = "Persistence", "Persistence\Persistence.csproj", "{D17BA6D1-6DC5-4230-AB95-3DF8721FF307}"
EndProject
Project("{FAE04EC0-301F-11D3-BF4B-00C04F79EFBC}") = "Domain", "Domain\Domain.csproj", "{C2E43A5A-5994-40D8-92BD-173E1983DC64}"
EndProject
Global
	GlobalSection(SolutionConfigurationPlatforms) = preSolution
		Debug|Any CPU = Debug|Any CPU
		Release|Any CPU = Release|Any CPU
	EndGlobalSection
	GlobalSection(SolutionProperties) = preSolution
		HideSolutionNode = FALSE
	EndGlobalSection
	GlobalSection(ProjectConfigurationPlatforms) = postSolution
		{DADD79B1-2DF8-4733-B6B2-E6EB949F3D4B}.Debug|Any CPU.ActiveCfg = Debug|Any CPU
		{DADD79B1-2DF8-4733-B6B2-E6EB949F3D4B}.Debug|Any CPU.Build.0 = Debug|Any CPU
		{DADD79B1-2DF8-4733-B6B2-E6EB949F3D4B}.Release|Any CPU.ActiveCfg = Release|Any CPU
		{DADD79B1-2DF8-4733-B6B2-E6EB949F3D4B}.Release|Any CPU.Build.0 = Release|Any CPU
		{0366080E-FC93-48B2-964F-BD270CC1FAC6}.Debug|Any CPU.ActiveCfg = Debug|Any CPU
		{0366080E-FC93-48B2-964F-BD270CC1FAC6}.Debug|Any CPU.Build.0 = Debug|Any CPU
		{0366080E-FC93-48B2-964F-BD270CC1FAC6}.Release|Any CPU.ActiveCfg = Release|Any CPU
		{0366080E-FC93-48B2-964F-BD270CC1FAC6}.Release|Any CPU.Build.0 = Release|Any CPU
		{D17BA6D1-6DC5-4230-AB95-3DF8721FF307}.Debug|Any CPU.ActiveCfg = Debug|Any CPU
		{D17BA6D1-6DC5-4230-AB95-3DF8721FF307}.Debug|Any CPU.Build.0 = Debug|Any CPU
		{D17BA6D1-6DC5-4230-AB95-3DF8721FF307}.Release|Any CPU.ActiveCfg = Release|Any CPU
		{D17BA6D1-6DC5-4230-AB95-3DF8721FF307}.Release|Any CPU.Build.0 = Release|Any CPU
		{C2E43A5A-5994-40D8-92BD-173E1983DC64}.Debug|Any CPU.ActiveCfg = Debug|Any CPU
		{C2E43A5A-5994-40D8-92BD-173E1983DC64}.Debug|Any CPU.Build.0 = Debug|Any CPU
		{C2E43A5A-5994-40D8-92BD-173E1983DC64}.Release|Any CPU.ActiveCfg = Release|Any CPU
		{C2E43A5A-5994-40D8-92BD-173E1983DC64}.Release|Any CPU.Build.0 = Release|Any CPU
	EndGlobalSection
EndGlobal
